
Microsoft Visual Studio Solution File, Format Version 12.00
# Visual Studio 14
VisualStudioVersion = 14.0.22129.1
MinimumVisualStudioVersion = 10.0.40219.1
Project("{FAE04EC0-301F-11D3-BF4B-00C04F79EFBC}") = "Fluent.Time", "Fluent.Time\Fluent.Time.csproj", "{22CFCE07-8EF7-4BD2-8D80-90C2E4AFD764}"
EndProject
Project("{FAE04EC0-301F-11D3-BF4B-00C04F79EFBC}") = "Fluent.Time.Test", "Fluent.Time.Test\Fluent.Time.Test.csproj", "{B0F984FA-0813-4F89-A7A4-FB8E25830532}"
EndProject
Global
	GlobalSection(SolutionConfigurationPlatforms) = preSolution
		Debug|Any CPU = Debug|Any CPU
		Release|Any CPU = Release|Any CPU
	EndGlobalSection
	GlobalSection(ProjectConfigurationPlatforms) = postSolution
		{22CFCE07-8EF7-4BD2-8D80-90C2E4AFD764}.Debug|Any CPU.ActiveCfg = Debug|Any CPU
		{22CFCE07-8EF7-4BD2-8D80-90C2E4AFD764}.Debug|Any CPU.Build.0 = Debug|Any CPU
		{22CFCE07-8EF7-4BD2-8D80-90C2E4AFD764}.Release|Any CPU.ActiveCfg = Release|Any CPU
		{22CFCE07-8EF7-4BD2-8D80-90C2E4AFD764}.Release|Any CPU.Build.0 = Release|Any CPU
		{B0F984FA-0813-4F89-A7A4-FB8E25830532}.Debug|Any CPU.ActiveCfg = Debug|Any CPU
		{B0F984FA-0813-4F89-A7A4-FB8E25830532}.Debug|Any CPU.Build.0 = Debug|Any CPU
		{B0F984FA-0813-4F89-A7A4-FB8E25830532}.Release|Any CPU.ActiveCfg = Release|Any CPU
		{B0F984FA-0813-4F89-A7A4-FB8E25830532}.Release|Any CPU.Build.0 = Release|Any CPU
	EndGlobalSection
	GlobalSection(SolutionProperties) = preSolution
		HideSolutionNode = FALSE
	EndGlobalSection
EndGlobal
